{
    "_readme": [
        "This file locks the dependencies of your project to a known state",
        "Read more about it at https://getcomposer.org/doc/01-basic-usage.md#installing-dependencies",
        "This file is @generated automatically"
    ],
    "content-hash": "8e24bb2486f8f17d30cb2dede4a22126",
    "packages": [
        {
            "name": "docopt/docopt",
            "version": "1.0.6",
            "source": {
                "type": "git",
                "url": "https://github.com/docopt/docopt.php.git",
                "reference": "bcb963c87d61948919146d25c22ca0ab74896c24"
            },
            "dist": {
                "type": "zip",
                "url": "https://api.github.com/repos/docopt/docopt.php/zipball/bcb963c87d61948919146d25c22ca0ab74896c24",
                "reference": "bcb963c87d61948919146d25c22ca0ab74896c24",
                "shasum": ""
            },
            "require": {
                "php": ">=5.3.0"
            },
            "type": "library",
            "autoload": {
                "classmap": [
                    "src/docopt.php"
                ]
            },
            "notification-url": "https://packagist.org/downloads/",
            "license": [
                "MIT"
            ],
            "authors": [
                {
                    "name": "Blake Williams",
                    "email": "code@shabbyrobe.org",
                    "homepage": "http://docopt.org/",
                    "role": "Developer"
                }
            ],
            "description": "Port of Python's docopt for PHP >=5.3",
            "homepage": "http://github.com/docopt/docopt.php",
            "keywords": [
                "cli",
                "docs"
            ],
            "support": {
                "issues": "https://github.com/docopt/docopt.php/issues",
                "source": "https://github.com/docopt/docopt.php/tree/1.0.6"
            },
            "time": "2025-01-20T00:35:03+00:00"
        },
        {
            "name": "funct/funct",
            "version": "1.6.0",
            "source": {
                "type": "git",
                "url": "https://github.com/phpfunct/funct.git",
                "reference": "6343055c2a8b7c1a4e44ed9d72bb46297d46b570"
            },
            "dist": {
                "type": "zip",
                "url": "https://api.github.com/repos/phpfunct/funct/zipball/6343055c2a8b7c1a4e44ed9d72bb46297d46b570",
                "reference": "6343055c2a8b7c1a4e44ed9d72bb46297d46b570",
                "shasum": ""
            },
            "require-dev": {
                "phpunit/phpunit": "^4.0"
            },
            "type": "library",
            "extra": {
                "branch-alias": {
                    "dev-master": "1.0-dev"
                }
            },
            "autoload": {
                "files": [
                    "src/Collection.php",
                    "src/General.php",
                    "src/Invoke.php",
                    "src/Object.php",
                    "src/Strings.php"
                ],
                "psr-4": {
                    "Funct\\": "src"
                }
            },
            "notification-url": "https://packagist.org/downloads/",
            "license": [
                "MIT"
            ],
            "authors": [
                {
                    "name": "Aurimas Niekis",
                    "email": "aurimas@niekis.lt"
                }
            ],
            "description": "A PHP library with commonly used code blocks",
            "support": {
                "issues": "https://github.com/phpfunct/funct/issues",
                "source": "https://github.com/phpfunct/funct/tree/1.6.0"
            },
            "time": "2024-08-25T15:03:54+00:00"
        }
    ],
    "packages-dev": [
        {
            "name": "squizlabs/php_codesniffer",
            "version": "4.0.4",
            "source": {
                "type": "git",
                "url": "https://github.com/PHPCSStandards/PHP_CodeSniffer.git",
                "reference": "bbdc3d0532623e21838b7041a4364383a8126f96"
            },
            "dist": {
                "type": "zip",
                "url": "https://api.github.com/repos/PHPCSStandards/PHP_CodeSniffer/zipball/bbdc3d0532623e21838b7041a4364383a8126f96",
                "reference": "bbdc3d0532623e21838b7041a4364383a8126f96",
                "shasum": ""
            },
            "require": {
                "ext-libxml": "*",
                "ext-simplexml": "*",
                "ext-tokenizer": "*",
                "ext-xmlwriter": "*",
                "php": ">=7.2.0"
            },
            "require-dev": {
                "phpunit/phpunit": "^8.4.0 || ^9.3.4 || ^10.5.32 || 11.3.3 - 11.5.28 || ^11.5.31"
            },
            "suggest": {
                "ext-iconv": "For accurate character length calculation when the checked files contain multi-byte characters.",
                "ext-pcntl": "For parallel processing support via the --parallel CLI option."
            },
            "bin": [
                "bin/phpcbf",
                "bin/phpcs"
            ],
            "type": "library",
            "notification-url": "https://packagist.org/downloads/",
            "license": [
                "BSD-3-Clause"
            ],
            "authors": [
                {
                    "name": "Greg Sherwood",
                    "role": "Former lead"
                },
                {
                    "name": "Juliette Reinders Folmer",
                    "role": "Current lead"
                },
                {
                    "name": "Contributors",
                    "homepage": "https://github.com/PHPCSStandards/PHP_CodeSniffer/graphs/contributors"
                }
            ],
            "description": "PHP_CodeSniffer tokenizes PHP files and detects violations of a defined set of coding standards.",
            "homepage": "https://github.com/PHPCSStandards/PHP_CodeSniffer",
            "keywords": [
                "phpcs",
                "standards",
                "static analysis"
            ],
            "support": {
                "issues": "https://github.com/PHPCSStandards/PHP_CodeSniffer/issues",
                "security": "https://github.com/PHPCSStandards/PHP_CodeSniffer/security/policy",
                "source": "https://github.com/PHPCSStandards/PHP_CodeSniffer",
                "wiki": "https://github.com/PHPCSStandards/PHP_CodeSniffer/wiki"
            },
            "funding": [
                {
                    "url": "https://github.com/PHPCSStandards",
                    "type": "github"
                },
                {
                    "url": "https://github.com/jrfnl",
                    "type": "github"
                },
                {
                    "url": "https://opencollective.com/php_codesniffer",
                    "type": "open_collective"
                },
                {
                    "url": "https://thanks.dev/u/gh/phpcsstandards",
                    "type": "thanks_dev"
                }
            ],
            "time": "2026-08-06T02:45:27+00:00"
        }
    ],
    "aliases": [],
    "minimum-stability": "stable",
    "stability-flags": {},
    "prefer-stable": false,
    "prefer-lowest": false,
    "platform": {},
    "platform-dev": {},
    "plugin-api-version": "2.9.0"
}
